// !$*UTF8*$!
{
	archiveVersion = 1;
	classes = {
	};
	objectVersion = 50;
	objects = {

/* Begin PBXBuildFile section */
		2453AD5E209C2CF800D81747 /* AppDelegate.swift in Sources */ = {isa = PBXBuildFile; fileRef = 2453AD5D209C2CF800D81747 /* AppDelegate.swift */; };
		2453AD60209C2CF800D81747 /* MapViewController.swift in Sources */ = {isa = PBXBuildFile; fileRef = 2453AD5F209C2CF800D81747 /* MapViewController.swift */; };
		2453AD65209C2CF900D81747 /* Assets.xcassets in Resources */ = {isa = PBXBuildFile; fileRef = 2453AD64209C2CF900D81747 /* Assets.xcassets */; };
		2453AD68209C2CF900D81747 /* LaunchScreen.storyboard in Resources */ = {isa = PBXBuildFile; fileRef = 2453AD66209C2CF900D81747 /* LaunchScreen.storyboard */; };
		2453AD73209C2CFA00D81747 /* PoppinTests.swift in Sources */ = {isa = PBXBuildFile; fileRef = 2453AD72209C2CFA00D81747 /* PoppinTests.swift */; };
		2453AD7E209C2CFA00D81747 /* PoppinUITests.swift in Sources */ = {isa = PBXBuildFile; fileRef = 2453AD7D209C2CFA00D81747 /* PoppinUITests.swift */; };
/* End PBXBuildFile section */

/* Begin PBXContainerItemProxy section */
		2453AD6F209C2CFA00D81747 /* PBXContainerItemProxy */ = {
			isa = PBXContainerItemProxy;
			containerPortal = 2453AD52209C2CF800D81747 /* Project object */;
			proxyType = 1;
			remoteGlobalIDString = 2453AD59209C2CF800D81747;
			remoteInfo = Poppin;
		};
		2453AD7A209C2CFA00D81747 /* PBXContainerItemProxy */ = {
			isa = PBXContainerItemProxy;
			containerPortal = 2453AD52209C2CF800D81747 /* Project object */;
			proxyType = 1;
			remoteGlobalIDString = 2453AD59209C2CF800D81747;
			remoteInfo = Poppin;
		};
/* End PBXContainerItemProxy section */

/* Begin PBXFileReference section */
		2453AD5A209C2CF800D81747 /* Poppin.app */ = {isa = PBXFileReference; explicitFileType = wrapper.application; includeInIndex = 0; path = Poppin.app; sourceTree = BUILT_PRODUCTS_DIR; };
		2453AD5D209C2CF800D81747 /* AppDelegate.swift */ = {isa = PBXFileReference; lastKnownFileType = sourcecode.swift; path = AppDelegate.swift; sourceTree = "<group>"; };
		2453AD5F209C2CF800D81747 /* MapViewController.swift */ = {isa = PBXFileReference; lastKnownFileType = sourcecode.swift; path = MapViewController.swift; sourceTree = "<group>"; };
		2453AD64209C2CF900D81747 /* Assets.xcassets */ = {isa = PBXFileReference; lastKnownFileType = folder.assetcatalog; path = Assets.xcassets; sourceTree = "<group>"; };
		2453AD67209C2CF900D81747 /* Base */ = {isa = PBXFileReference; lastKnownFileType = file.storyboard; name = Base; path = Base.lproj/LaunchScreen.storyboard; sourceTree = "<group>"; };
		2453AD69209C2CF900D81747 /* Info.plist */ = {isa = PBXFileReference; lastKnownFileType = text.plist.xml; path = Info.plist; sourceTree = "<group>"; };
		2453AD6E209C2CFA00D81747 /* PoppinTests.xctest */ = {isa = PBXFileReference; explicitFileType = wrapper.cfbundle; includeInIndex = 0; path = PoppinTests.xctest; sourceTree = BUILT_PRODUCTS_DIR; };
		2453AD72209C2CFA00D81747 /* PoppinTests.swift */ = {isa = PBXFileReference; lastKnownFileType = sourcecode.swift; path = PoppinTests.swift; sourceTree = "<group>"; };
		2453AD74209C2CFA00D81747 /* Info.plist */ = {isa = PBXFileReference; lastKnownFileType = text.plist.xml; path = Info.plist; sourceTree = "<group>"; };
		2453AD79209C2CFA00D81747 /* PoppinUITests.xctest */ = {isa = PBXFileReference; explicitFileType = wrapper.cfbundle; includeInIndex = 0; path = PoppinUITests.xctest; sourceTree = BUILT_PRODUCTS_DIR; };
		2453AD7D209C2CFA00D81747 /* PoppinUITests.swift */ = {isa = PBXFileReference; lastKnownFileType = sourcecode.swift; path = PoppinUITests.swift; sourceTree = "<group>"; };
		2453AD7F209C2CFA00D81747 /* Info.plist */ = {isa = PBXFileReference; lastKnownFileType = text.plist.xml; path = Info.plist; sourceTree = "<group>"; };
/* End PBXFileReference section */

/* Begin PBXFrameworksBuildPhase section */
		2453AD57209C2CF800D81747 /* Frameworks */ = {
			isa = PBXFrameworksBuildPhase;
			buildActionMask = 2147483647;
			files = (
			);
			runOnlyForDeploymentPostprocessing = 0;
		};
		2453AD6B209C2CFA00D81747 /* Frameworks */ = {
			isa = PBXFrameworksBuildPhase;
			buildActionMask = 2147483647;
			files = (
			);
			runOnlyForDeploymentPostprocessing = 0;
		};
		2453AD76209C2CFA00D81747 /* Frameworks */ = {
			isa = PBXFrameworksBuildPhase;
			buildActionMask = 2147483647;
			files = (
			);
			runOnlyForDeploymentPostprocessing = 0;
		};
/* End PBXFrameworksBuildPhase section */

/* Begin PBXGroup section */
		2453AD51209C2CF800D81747 = {
			isa = PBXGroup;
			children = (
				2453AD5C209C2CF800D81747 /* Poppin */,
				2453AD71209C2CFA00D81747 /* PoppinTests */,
				2453AD7C209C2CFA00D81747 /* PoppinUITests */,
				2453AD5B209C2CF800D81747 /* Products */,
			);
			sourceTree = "<group>";
		};
		2453AD5B209C2CF800D81747 /* Products */ = {
			isa = PBXGroup;
			children = (
				2453AD5A209C2CF800D81747 /* Poppin.app */,
				2453AD6E209C2CFA00D81747 /* PoppinTests.xctest */,
				2453AD79209C2CFA00D81747 /* PoppinUITests.xctest */,
			);
			name = Products;
			sourceTree = "<group>";
		};
		2453AD5C209C2CF800D81747 /* Poppin */ = {
			isa = PBXGroup;
			children = (
				2453AD5D209C2CF800D81747 /* AppDelegate.swift */,
				2453AD5F209C2CF800D81747 /* MapViewController.swift */,
				EA9B38AE209DB00900B06493 /* Supporting Files */,
			);
			path = Poppin;
			sourceTree = "<group>";
		};
		2453AD71209C2CFA00D81747 /* PoppinTests */ = {
			isa = PBXGroup;
			children = (
				2453AD72209C2CFA00D81747 /* PoppinTests.swift */,
				EA9B38AF209DB16E00B06493 /* Supporting Files */,
			);
			path = PoppinTests;
			sourceTree = "<group>";
		};
		2453AD7C209C2CFA00D81747 /* PoppinUITests */ = {
			isa = PBXGroup;
			children = (
				2453AD7D209C2CFA00D81747 /* PoppinUITests.swift */,
				2453AD7F209C2CFA00D81747 /* Info.plist */,
			);
			path = PoppinUITests;
			sourceTree = "<group>";
		};
		EA9B38AE209DB00900B06493 /* Supporting Files */ = {
			isa = PBXGroup;
			children = (
				2453AD64209C2CF900D81747 /* Assets.xcassets */,
				2453AD66209C2CF900D81747 /* LaunchScreen.storyboard */,
				2453AD69209C2CF900D81747 /* Info.plist */,
			);
			path = "Supporting Files";
			sourceTree = "<group>";
		};
		EA9B38AF209DB16E00B06493 /* Supporting Files */ = {
			isa = PBXGroup;
			children = (
				2453AD74209C2CFA00D81747 /* Info.plist */,
			);
			path = "Supporting Files";
			sourceTree = "<group>";
		};
/* End PBXGroup section */

/* Begin PBXNativeTarget section */
		2453AD59209C2CF800D81747 /* Poppin */ = {
			isa = PBXNativeTarget;
			buildConfigurationList = 2453AD82209C2CFA00D81747 /* Build configuration list for PBXNativeTarget "Poppin" */;
			buildPhases = (
				2453AD56209C2CF800D81747 /* Sources */,
				2453AD57209C2CF800D81747 /* Frameworks */,
				2453AD58209C2CF800D81747 /* Resources */,
			);
			buildRules = (
			);
			dependencies = (
			);
			name = Poppin;
			productName = Poppin;
			productReference = 2453AD5A209C2CF800D81747 /* Poppin.app */;
			productType = "com.apple.product-type.application";
		};
		2453AD6D209C2CFA00D81747 /* PoppinTests */ = {
			isa = PBXNativeTarget;
			buildConfigurationList = 2453AD85209C2CFA00D81747 /* Build configuration list for PBXNativeTarget "PoppinTests" */;
			buildPhases = (
				2453AD6A209C2CFA00D81747 /* Sources */,
				2453AD6B209C2CFA00D81747 /* Frameworks */,
				2453AD6C209C2CFA00D81747 /* Resources */,
			);
			buildRules = (
			);
			dependencies = (
				2453AD70209C2CFA00D81747 /* PBXTargetDependency */,
			);
			name = PoppinTests;
			productName = PoppinTests;
			productReference = 2453AD6E209C2CFA00D81747 /* PoppinTests.xctest */;
			productType = "com.apple.product-type.bundle.unit-test";
		};
		2453AD78209C2CFA00D81747 /* PoppinUITests */ = {
			isa = PBXNativeTarget;
			buildConfigurationList = 2453AD88209C2CFA00D81747 /* Build configuration list for PBXNativeTarget "PoppinUITests" */;
			buildPhases = (
				2453AD75209C2CFA00D81747 /* Sources */,
				2453AD76209C2CFA00D81747 /* Frameworks */,
				2453AD77209C2CFA00D81747 /* Resources */,
			);
			buildRules = (
			);
			dependencies = (
				2453AD7B209C2CFA00D81747 /* PBXTargetDependency */,
			);
			name = PoppinUITests;
			productName = PoppinUITests;
			productReference = 2453AD79209C2CFA00D81747 /* PoppinUITests.xctest */;
			productType = "com.apple.product-type.bundle.ui-testing";
		};
/* End PBXNativeTarget section */

/* Begin PBXProject section */
		2453AD52209C2CF800D81747 /* Project object */ = {
			isa = PBXProject;
			attributes = {
				LastSwiftUpdateCheck = 0930;
				LastUpgradeCheck = 0930;
				ORGANIZATIONNAME = spl;
				TargetAttributes = {
					2453AD59209C2CF800D81747 = {
						CreatedOnToolsVersion = 9.3;
					};
					2453AD6D209C2CFA00D81747 = {
						CreatedOnToolsVersion = 9.3;
						TestTargetID = 2453AD59209C2CF800D81747;
					};
					2453AD78209C2CFA00D81747 = {
						CreatedOnToolsVersion = 9.3;
						TestTargetID = 2453AD59209C2CF800D81747;
					};
				};
			};
			buildConfigurationList = 2453AD55209C2CF800D81747 /* Build configuration list for PBXProject "Poppin" */;
			compatibilityVersion = "Xcode 9.3";
			developmentRegion = en;
			hasScannedForEncodings = 0;
			knownRegions = (
				en,
				Base,
			);
			mainGroup = 2453AD51209C2CF800D81747;
			productRefGroup = 2453AD5B209C2CF800D81747 /* Products */;
			projectDirPath = "";
			projectRoot = "";
			targets = (
				2453AD59209C2CF800D81747 /* Poppin */,
				2453AD6D209C2CFA00D81747 /* PoppinTests */,
				2453AD78209C2CFA00D81747 /* PoppinUITests */,
			);
		};
/* End PBXProject section */

/* Begin PBXResourcesBuildPhase section */
		2453AD58209C2CF800D81747 /* Resources */ = {
			isa = PBXResourcesBuildPhase;
			buildActionMask = 2147483647;
			files = (
				2453AD68209C2CF900D81747 /* LaunchScreen.storyboard in Resources */,
				2453AD65209C2CF900D81747 /* Assets.xcassets in Resources */,
			);
			runOnlyForDeploymentPostprocessing = 0;
		};
		2453AD6C209C2CFA00D81747 /* Resources */ = {
			isa = PBXResourcesBuildPhase;
			buildActionMask = 2147483647;
			files = (
			);
			runOnlyForDeploymentPostprocessing = 0;
		};
		2453AD77209C2CFA00D81747 /* Resources */ = {
			isa = PBXResourcesBuildPhase;
			buildActionMask = 2147483647;
			files = (
			);
			runOnlyForDeploymentPostprocessing = 0;
		};
/* End PBXResourcesBuildPhase section */

/* Begin PBXSourcesBuildPhase section */
		2453AD56209C2CF800D81747 /* Sources */ = {
			isa = PBXSourcesBuildPhase;
			buildActionMask = 2147483647;
			files = (
				2453AD60209C2CF800D81747 /* MapViewController.swift in Sources */,
				2453AD5E209C2CF800D81747 /* AppDelegate.swift in Sources */,
			);
			runOnlyForDeploymentPostprocessing = 0;
		};
		2453AD6A209C2CFA00D81747 /* Sources */ = {
			isa = PBXSourcesBuildPhase;
			buildActionMask = 2147483647;
			files = (
				2453AD73209C2CFA00D81747 /* PoppinTests.swift in Sources */,
			);
			runOnlyForDeploymentPostprocessing = 0;
		};
		2453AD75209C2CFA00D81747 /* Sources */ = {
			isa = PBXSourcesBuildPhase;
			buildActionMask = 2147483647;
			files = (
				2453AD7E209C2CFA00D81747 /* PoppinUITests.swift in Sources */,
			);
			runOnlyForDeploymentPostprocessing = 0;
		};
/* End PBXSourcesBuildPhase section */

/* Begin PBXTargetDependency section */
		2453AD70209C2CFA00D81747 /* PBXTargetDependency */ = {
			isa = PBXTargetDependency;
			target = 2453AD59209C2CF800D81747 /* Poppin */;
			targetProxy = 2453AD6F209C2CFA00D81747 /* PBXContainerItemProxy */;
		};
		2453AD7B209C2CFA00D81747 /* PBXTargetDependency */ = {
			isa = PBXTargetDependency;
			target = 2453AD59209C2CF800D81747 /* Poppin */;
			targetProxy = 2453AD7A209C2CFA00D81747 /* PBXContainerItemProxy */;
		};
/* End PBXTargetDependency section */

/* Begin PBXVariantGroup section */
		2453AD66209C2CF900D81747 /* LaunchScreen.storyboard */ = {
			isa = PBXVariantGroup;
			children = (
				2453AD67209C2CF900D81747 /* Base */,
			);
			name = LaunchScreen.storyboard;
			sourceTree = "<group>";
		};
/* End PBXVariantGroup section */

/* Begin XCBuildConfiguration section */
		2453AD80209C2CFA00D81747 /* Debug */ = {
			isa = XCBuildConfiguration;
			buildSettings = {
				ALWAYS_SEARCH_USER_PATHS = NO;
				CLANG_ANALYZER_NONNULL = YES;
				CLANG_ANALYZER_NUMBER_OBJECT_CONVERSION = YES_AGGRESSIVE;
				CLANG_CXX_LANGUAGE_STANDARD = "gnu++14";
				CLANG_CXX_LIBRARY = "libc++";
				CLANG_ENABLE_MODULES = YES;
				CLANG_ENABLE_OBJC_ARC = YES;
				CLANG_ENABLE_OBJC_WEAK = YES;
				CLANG_WARN_BLOCK_CAPTURE_AUTORELEASING = YES;
				CLANG_WARN_BOOL_CONVERSION = YES;
				CLANG_WARN_COMMA = YES;
				CLANG_WARN_CONSTANT_CONVERSION = YES;
				CLANG_WARN_DEPRECATED_OBJC_IMPLEMENTATIONS = YES;
				CLANG_WARN_DIRECT_OBJC_ISA_USAGE = YES_ERROR;
				CLANG_WARN_DOCUMENTATION_COMMENTS = YES;
				CLANG_WARN_EMPTY_BODY = YES;
				CLANG_WARN_ENUM_CONVERSION = YES;
				CLANG_WARN_INFINITE_RECURSION = YES;
				CLANG_WARN_INT_CONVERSION = YES;
				CLANG_WARN_NON_LITERAL_NULL_CONVERSION = YES;
				CLANG_WARN_OBJC_IMPLICIT_RETAIN_SELF = YES;
				CLANG_WARN_OBJC_LITERAL_CONVERSION = YES;
				CLANG_WARN_OBJC_ROOT_CLASS = YES_ERROR;
				CLANG_WARN_RANGE_LOOP_ANALYSIS = YES;
				CLANG_WARN_STRICT_PROTOTYPES = YES;
				CLANG_WARN_SUSPICIOUS_MOVE = YES;
				CLANG_WARN_UNGUARDED_AVAILABILITY = YES_AGGRESSIVE;
				CLANG_WARN_UNREACHABLE_CODE = YES;
				CLANG_WARN__DUPLICATE_METHOD_MATCH = YES;
				CODE_SIGN_IDENTITY = "iPhone Developer";
				COPY_PHASE_STRIP = NO;
				DEBUG_INFORMATION_FORMAT = dwarf;
				ENABLE_STRICT_OBJC_MSGSEND = YES;
				ENABLE_TESTABILITY = YES;
				GCC_C_LANGUAGE_STANDARD = gnu11;
				GCC_DYNAMIC_NO_PIC = NO;
				GCC_NO_COMMON_BLOCKS = YES;
				GCC_OPTIMIZATION_LEVEL = 0;
				GCC_PREPROCESSOR_DEFINITIONS = (
					"DEBUG=1",
					"$(inherited)",
				);
				GCC_WARN_64_TO_32_BIT_CONVERSION = YES;
				GCC_WARN_ABOUT_RETURN_TYPE = YES_ERROR;
				GCC_WARN_UNDECLARED_SELECTOR = YES;
				GCC_WARN_UNINITIALIZED_AUTOS = YES_AGGRESSIVE;
				GCC_WARN_UNUSED_FUNCTION = YES;
				GCC_WARN_UNUSED_VARIABLE = YES;
				IPHONEOS_DEPLOYMENT_TARGET = 11.3;
				MTL_ENABLE_DEBUG_INFO = YES;
				ONLY_ACTIVE_ARCH = YES;
				SDKROOT = iphoneos;
				SWIFT_ACTIVE_COMPILATION_CONDITIONS = DEBUG;
				SWIFT_OPTIMIZATION_LEVEL = "-Onone";
			};
			name = Debug;
		};
		2453AD81209C2CFA00D81747 /* Release */ = {
			isa = XCBuildConfiguration;
			buildSettings = {
				ALWAYS_SEARCH_USER_PATHS = NO;
				CLANG_ANALYZER_NONNULL = YES;
				CLANG_ANALYZER_NUMBER_OBJECT_CONVERSION = YES_AGGRESSIVE;
				CLANG_CXX_LANGUAGE_STANDARD = "gnu++14";
				CLANG_CXX_LIBRARY = "libc++";
				CLANG_ENABLE_MODULES = YES;
				CLANG_ENABLE_OBJC_ARC = YES;
				CLANG_ENABLE_OBJC_WEAK = YES;
				CLANG_WARN_BLOCK_CAPTURE_AUTORELEASING = YES;
				CLANG_WARN_BOOL_CONVERSION = YES;
				CLANG_WARN_COMMA = YES;
				CLANG_WARN_CONSTANT_CONVERSION = YES;
				CLANG_WARN_DEPRECATED_OBJC_IMPLEMENTATIONS = YES;
				CLANG_WARN_DIRECT_OBJC_ISA_USAGE = YES_ERROR;
				CLANG_WARN_DOCUMENTATION_COMMENTS = YES;
				CLANG_WARN_EMPTY_BODY = YES;
				CLANG_WARN_ENUM_CONVERSION = YES;
				CLANG_WARN_INFINITE_RECURSION = YES;
				CLANG_WARN_INT_CONVERSION = YES;
				CLANG_WARN_NON_LITERAL_NULL_CONVERSION = YES;
				CLANG_WARN_OBJC_IMPLICIT_RETAIN_SELF = YES;
				CLANG_WARN_OBJC_LITERAL_CONVERSION = YES;
				CLANG_WARN_OBJC_ROOT_CLASS = YES_ERROR;
				CLANG_WARN_RANGE_LOOP_ANALYSIS = YES;
				CLANG_WARN_STRICT_PROTOTYPES = YES;
				CLANG_WARN_SUSPICIOUS_MOVE = YES;
				CLANG_WARN_UNGUARDED_AVAILABILITY = YES_AGGRESSIVE;
				CLANG_WARN_UNREACHABLE_CODE = YES;
				CLANG_WARN__DUPLICATE_METHOD_MATCH = YES;
				CODE_SIGN_IDENTITY = "iPhone Developer";
				COPY_PHASE_STRIP = NO;
				DEBUG_INFORMATION_FORMAT = "dwarf-with-dsym";
				ENABLE_NS_ASSERTIONS = NO;
				ENABLE_STRICT_OBJC_MSGSEND = YES;
				GCC_C_LANGUAGE_STANDARD = gnu11;
				GCC_NO_COMMON_BLOCKS = YES;
				GCC_WARN_64_TO_32_BIT_CONVERSION = YES;
				GCC_WARN_ABOUT_RETURN_TYPE = YES_ERROR;
				GCC_WARN_UNDECLARED_SELECTOR = YES;
				GCC_WARN_UNINITIALIZED_AUTOS = YES_AGGRESSIVE;
				GCC_WARN_UNUSED_FUNCTION = YES;
				GCC_WARN_UNUSED_VARIABLE = YES;
				IPHONEOS_DEPLOYMENT_TARGET = 11.3;
				MTL_ENABLE_DEBUG_INFO = NO;
				SDKROOT = iphoneos;
				SWIFT_COMPILATION_MODE = wholemodule;
				SWIFT_OPTIMIZATION_LEVEL = "-O";
				VALIDATE_PRODUCT = YES;
			};
			name = Release;
		};
		2453AD83209C2CFA00D81747 /* Debug */ = {
			isa = XCBuildConfiguration;
			buildSettings = {
				ASSETCATALOG_COMPILER_APPICON_NAME = AppIcon;
				CODE_SIGN_STYLE = Automatic;
				DEVELOPMENT_TEAM = 4C34FT6ABU;
				INFOPLIST_FILE = "$(SRCROOT)/Poppin/Supporting Files/Info.plist";
				LD_RUNPATH_SEARCH_PATHS = (
					"$(inherited)",
					"@executable_path/Frameworks",
				);
				PRODUCT_BUNDLE_IDENTIFIER = com.spl.Poppin;
				PRODUCT_NAME = "$(TARGET_NAME)";
				SWIFT_VERSION = 4.0;
				TARGETED_DEVICE_FAMILY = "1,2";
			};
			name = Debug;
		};
		2453AD84209C2CFA00D81747 /* Release */ = {
			isa = XCBuildConfiguration;
			buildSettings = {
				ASSETCATALOG_COMPILER_APPICON_NAME = AppIcon;
				CODE_SIGN_STYLE = Automatic;
				DEVELOPMENT_TEAM = 4C34FT6ABU;
				INFOPLIST_FILE = "$(SRCROOT)/Poppin/Supporting Files/Info.plist";
				LD_RUNPATH_SEARCH_PATHS = (
					"$(inherited)",
					"@executable_path/Frameworks",
				);
				PRODUCT_BUNDLE_IDENTIFIER = com.spl.Poppin;
				PRODUCT_NAME = "$(TARGET_NAME)";
				SWIFT_VERSION = 4.0;
				TARGETED_DEVICE_FAMILY = "1,2";
			};
			name = Release;
		};
		2453AD86209C2CFA00D81747 /* Debug */ = {
			isa = XCBuildConfiguration;
			buildSettings = {
				ALWAYS_EMBED_SWIFT_STANDARD_LIBRARIES = YES;
				BUNDLE_LOADER = "$(TEST_HOST)";
				CODE_SIGN_STYLE = Automatic;
				DEVELOPMENT_TEAM = 4C34FT6ABU;
				INFOPLIST_FILE = "PoppinTests/Supporting Files/Info.plist";
				LD_RUNPATH_SEARCH_PATHS = (
					"$(inherited)",
					"@executable_path/Frameworks",
					"@loader_path/Frameworks",
				);
				PRODUCT_BUNDLE_IDENTIFIER = com.spl.PoppinTests;
				PRODUCT_NAME = "$(TARGET_NAME)";
				SWIFT_VERSION = 4.0;
				TARGETED_DEVICE_FAMILY = "1,2";
				TEST_HOST = "$(BUILT_PRODUCTS_DIR)/Poppin.app/Poppin";
			};
			name = Debug;
		};
		2453AD87209C2CFA00D81747 /* Release */ = {
			isa = XCBuildConfiguration;
			buildSettings = {
				ALWAYS_EMBED_SWIFT_STANDARD_LIBRARIES = YES;
				BUNDLE_LOADER = "$(TEST_HOST)";
				CODE_SIGN_STYLE = Automatic;
				DEVELOPMENT_TEAM = 4C34FT6ABU;
				INFOPLIST_FILE = "PoppinTests/Supporting Files/Info.plist";
				LD_RUNPATH_SEARCH_PATHS = (
					"$(inherited)",
					"@executable_path/Frameworks",
					"@loader_path/Frameworks",
				);
				PRODUCT_BUNDLE_IDENTIFIER = com.spl.PoppinTests;
				PRODUCT_NAME = "$(TARGET_NAME)";
				SWIFT_VERSION = 4.0;
				TARGETED_DEVICE_FAMILY = "1,2";
				TEST_HOST = "$(BUILT_PRODUCTS_DIR)/Poppin.app/Poppin";
			};
			name = Release;
		};
		2453AD89209C2CFA00D81747 /* Debug */ = {
			isa = XCBuildConfiguration;
			buildSettings = {
				ALWAYS_EMBED_SWIFT_STANDARD_LIBRARIES = YES;
				CODE_SIGN_STYLE = Automatic;
				DEVELOPMENT_TEAM = 4C34FT6ABU;
				INFOPLIST_FILE = PoppinUITests/Info.plist;
				LD_RUNPATH_SEARCH_PATHS = (
					"$(inherited)",
					"@executable_path/Frameworks",
					"@loader_path/Frameworks",
				);
				PRODUCT_BUNDLE_IDENTIFIER = com.spl.PoppinUITests;
				PRODUCT_NAME = "$(TARGET_NAME)";
				SWIFT_VERSION = 4.0;
				TARGETED_DEVICE_FAMILY = "1,2";
				TEST_TARGET_NAME = Poppin;
			};
			name = Debug;
		};
		2453AD8A209C2CFA00D81747 /* Release */ = {
			isa = XCBuildConfiguration;
			buildSettings = {
				ALWAYS_EMBED_SWIFT_STANDARD_LIBRARIES = YES;
				CODE_SIGN_STYLE = Automatic;
				DEVELOPMENT_TEAM = 4C34FT6ABU;
				INFOPLIST_FILE = PoppinUITests/Info.plist;
				LD_RUNPATH_SEARCH_PATHS = (
					"$(inherited)",
					"@executable_path/Frameworks",
					"@loader_path/Frameworks",
				);
				PRODUCT_BUNDLE_IDENTIFIER = com.spl.PoppinUITests;
				PRODUCT_NAME = "$(TARGET_NAME)";
				SWIFT_VERSION = 4.0;
				TARGETED_DEVICE_FAMILY = "1,2";
				TEST_TARGET_NAME = Poppin;
			};
			name = Release;
		};
/* End XCBuildConfiguration section */

/* Begin XCConfigurationList section */
		2453AD55209C2CF800D81747 /* Build configuration list for PBXProject "Poppin" */ = {
			isa = XCConfigurationList;
			buildConfigurations = (
				2453AD80209C2CFA00D81747 /* Debug */,
				2453AD81209C2CFA00D81747 /* Release */,
			);
			defaultConfigurationIsVisible = 0;
			defaultConfigurationName = Release;
		};
		2453AD82209C2CFA00D81747 /* Build configuration list for PBXNativeTarget "Poppin" */ = {
			isa = XCConfigurationList;
			buildConfigurations = (
				2453AD83209C2CFA00D81747 /* Debug */,
				2453AD84209C2CFA00D81747 /* Release */,
			);
			defaultConfigurationIsVisible = 0;
			defaultConfigurationName = Release;
		};
		2453AD85209C2CFA00D81747 /* Build configuration list for PBXNativeTarget "PoppinTests" */ = {
			isa = XCConfigurationList;
			buildConfigurations = (
				2453AD86209C2CFA00D81747 /* Debug */,
				2453AD87209C2CFA00D81747 /* Release */,
			);
			defaultConfigurationIsVisible = 0;
			defaultConfigurationName = Release;
		};
		2453AD88209C2CFA00D81747 /* Build configuration list for PBXNativeTarget "PoppinUITests" */ = {
			isa = XCConfigurationList;
			buildConfigurations = (
				2453AD89209C2CFA00D81747 /* Debug */,
				2453AD8A209C2CFA00D81747 /* Release */,
			);
			defaultConfigurationIsVisible = 0;
			defaultConfigurationName = Release;
		};
/* End XCConfigurationList section */
	};
	rootObject = 2453AD52209C2CF800D81747 /* Project object */;
}
